
Microsoft Visual Studio Solution File, Format Version 12.00
# Visual Studio 15
Project("{FAE04EC0-301F-11D3-BF4B-00C04F79EFBC}") = "LoginTelepresencia", "LoginTelepresencia\LoginTelepresencia.csproj", "{3D9A6B7D-1C53-4DB9-B0EC-0104BC631F14}"
EndProject
Global
	GlobalSection(SolutionConfigurationPlatforms) = preSolution
		Debug|Any CPU = Debug|Any CPU
		Release|Any CPU = Release|Any CPU
	EndGlobalSection
	GlobalSection(ProjectConfigurationPlatforms) = postSolution
		{3D9A6B7D-1C53-4DB9-B0EC-0104BC631F14}.Debug|Any CPU.ActiveCfg = Debug|Any CPU
		{3D9A6B7D-1C53-4DB9-B0EC-0104BC631F14}.Debug|Any CPU.Build.0 = Debug|Any CPU
		{3D9A6B7D-1C53-4DB9-B0EC-0104BC631F14}.Release|Any CPU.ActiveCfg = Release|Any CPU
		{3D9A6B7D-1C53-4DB9-B0EC-0104BC631F14}.Release|Any CPU.Build.0 = Release|Any CPU
	EndGlobalSection
EndGlobal
